
Microsoft Visual Studio Solution File, Format Version 12.00
# Visual Studio Version 16
VisualStudioVersion = 16.0.28729.10
MinimumVisualStudioVersion = 10.0.40219.1
Project("{FAE04EC0-301F-11D3-BF4B-00C04F79EFBC}") = "Decisiones en Escenarios Complejos", "Decisiones en Escenarios Complejos\Decisiones en Escenarios Complejos.csproj", "{88EDC601-82CD-4D19-823A-E136A8413538}"
EndProject
Project("{54435603-DBB4-11D2-8724-00A0C9A8B90C}") = "SetupTopsis-kHING", "SetupTopsis-kHING\SetupTopsis-kHING.vdproj", "{83E62F98-914C-45AD-9AEB-B37DDEFF6F42}"
EndProject
Global
	GlobalSection(SolutionConfigurationPlatforms) = preSolution
		Debug|Any CPU = Debug|Any CPU
		Release|Any CPU = Release|Any CPU
	EndGlobalSection
	GlobalSection(ProjectConfigurationPlatforms) = postSolution
		{88EDC601-82CD-4D19-823A-E136A8413538}.Debug|Any CPU.ActiveCfg = Debug|Any CPU
		{88EDC601-82CD-4D19-823A-E136A8413538}.Debug|Any CPU.Build.0 = Debug|Any CPU
		{88EDC601-82CD-4D19-823A-E136A8413538}.Release|Any CPU.ActiveCfg = Release|Any CPU
		{88EDC601-82CD-4D19-823A-E136A8413538}.Release|Any CPU.Build.0 = Release|Any CPU
		{83E62F98-914C-45AD-9AEB-B37DDEFF6F42}.Debug|Any CPU.ActiveCfg = Debug
		{83E62F98-914C-45AD-9AEB-B37DDEFF6F42}.Release|Any CPU.ActiveCfg = Release
	EndGlobalSection
	GlobalSection(SolutionProperties) = preSolution
		HideSolutionNode = FALSE
	EndGlobalSection
	GlobalSection(ExtensibilityGlobals) = postSolution
		SolutionGuid = {149D3354-0D08-4B6D-86FC-57C73C1E70DA}
	EndGlobalSection
EndGlobal
